{
  "name": "ajs_3.1",
  "version": "1.0.0",
  "lockfileVersion": 1,
  "requires": true,
  "dependencies": {
    "@svetlanalyubimskaya/ajs": {
      "version": "1.0.0",
      "resolved": "https://npm.pkg.github.com/download/@svetlanalyubimskaya/ajs/1.0.0/5c2eccac7d49c2a4eb59adc9b02d9817db55f09ade4e058501688a5adc86e2cd",
      "integrity": "sha512-b3C/8tlP/O+Izumpag+iDobY+KYhEECdkIv8fxpC28fUU0lQtuVeRFpea3UZ2A7QpgTlq6G4tUdLXECjU0kSnw=="
    }
  }
}
